{
  "lockfileVersion": 1,
  "workspaces": {
    "": {
      "name": "@augmentos/livetranslation",
      "dependencies": {
        "@augmentos/sdk": "1.1.7",
        "@node-rs/jieba": "^2.0.1",
        "@types/express": "^5.0.1",
        "@types/node": "^22.13.14",
        "@types/ws": "^8.18.0",
        "cookie-parser": "^1.4.7",
        "express": "^4.21.2",
        "path": "^0.12.7",
        "pinyin-pro": "^3.26.0",
        "ws": "^8.18.1",
      },
      "devDependencies": {
        "typescript": "^5.0.0",
      },
    },
  },
  "packages": {
    "@augmentos/sdk": ["@augmentos/sdk@1.1.7", "", { "dependencies": { "axios": "^1.8.1", "cookie-parser": "^1.4.7", "express": "^4.18.2", "jsonwebtoken": "^8.5.1" } }, "sha512-fi4GT7YcSIqUaaljs61TmvbDxykudBme5+r7YYg3k46jul0vNJtDNSD/k8ygjW3/Dtq+aunOc6RXYedPcFoB4w=="],

    "@emnapi/core": ["@emnapi/core@1.4.0", "", { "dependencies": { "@emnapi/wasi-threads": "1.0.1", "tslib": "^2.4.0" } }, "sha512-H+N/FqT07NmLmt6OFFtDfwe8PNygprzBikrEMyQfgqSmT0vzE515Pz7R8izwB9q/zsH/MA64AKoul3sA6/CzVg=="],

    "@emnapi/runtime": ["@emnapi/runtime@1.4.0", "", { "dependencies": { "tslib": "^2.4.0" } }, "sha512-64WYIf4UYcdLnbKn/umDlNjQDSS8AgZrI/R9+x5ilkUVFxXcA1Ebl+gQLc/6mERA4407Xof0R7wEyEuj091CVw=="],

    "@emnapi/wasi-threads": ["@emnapi/wasi-threads@1.0.1", "", { "dependencies": { "tslib": "^2.4.0" } }, "sha512-iIBu7mwkq4UQGeMEM8bLwNK962nXdhodeScX4slfQnRhEMMzvYivHhutCIk8uojvmASXXPC2WNEjwxFWk72Oqw=="],

    "@napi-rs/wasm-runtime": ["@napi-rs/wasm-runtime@0.2.8", "", { "dependencies": { "@emnapi/core": "^1.4.0", "@emnapi/runtime": "^1.4.0", "@tybys/wasm-util": "^0.9.0" } }, "sha512-OBlgKdX7gin7OIq4fadsjpg+cp2ZphvAIKucHsNfTdJiqdOmOEwQd/bHi0VwNrcw5xpBJyUw6cK/QilCqy1BSg=="],

    "@node-rs/jieba": ["@node-rs/jieba@2.0.1", "", { "optionalDependencies": { "@node-rs/jieba-android-arm-eabi": "2.0.1", "@node-rs/jieba-android-arm64": "2.0.1", "@node-rs/jieba-darwin-arm64": "2.0.1", "@node-rs/jieba-darwin-x64": "2.0.1", "@node-rs/jieba-freebsd-x64": "2.0.1", "@node-rs/jieba-linux-arm-gnueabihf": "2.0.1", "@node-rs/jieba-linux-arm64-gnu": "2.0.1", "@node-rs/jieba-linux-arm64-musl": "2.0.1", "@node-rs/jieba-linux-x64-gnu": "2.0.1", "@node-rs/jieba-linux-x64-musl": "2.0.1", "@node-rs/jieba-wasm32-wasi": "2.0.1", "@node-rs/jieba-win32-arm64-msvc": "2.0.1", "@node-rs/jieba-win32-ia32-msvc": "2.0.1", "@node-rs/jieba-win32-x64-msvc": "2.0.1" } }, "sha512-tnfzXOMqzVQF2dSKMhPC9HrHzzWmN6KheL/zYtGenhOpq/bCKHJWVASSggEnHlkmHgXGeIJHR2N/IuPzewz1BQ=="],

    "@node-rs/jieba-android-arm-eabi": ["@node-rs/jieba-android-arm-eabi@2.0.1", "", { "os": "android", "cpu": "arm" }, "sha512-tavsIaxybnlA9tRbJ+oc3NW3zhx0d5rNiCGdpIdGWjflwS7HyeUTVAZmAFDlg58Mc6EjTdVKZH+RolBbAJtgcQ=="],

    "@node-rs/jieba-android-arm64": ["@node-rs/jieba-android-arm64@2.0.1", "", { "os": "android", "cpu": "arm64" }, "sha512-AwdyqKvVNuSDnDq3anUfq+nJ5J/kzXjkfbr/1WY6TfaAlTNuuGVskuQv72/wIx/jn7NoXfm/UPuJrWYG16NC6w=="],

    "@node-rs/jieba-darwin-arm64": ["@node-rs/jieba-darwin-arm64@2.0.1", "", { "os": "darwin", "cpu": "arm64" }, "sha512-10+nwGQ6KzXXJlIL/sELA6Fi6m7eJ7xJksBiKuw1kxKUgaJwtVfAG0iqRF+NRQv0Sdq7r3k5ew9K9y0+IYaEcA=="],

    "@node-rs/jieba-darwin-x64": ["@node-rs/jieba-darwin-x64@2.0.1", "", { "os": "darwin", "cpu": "x64" }, "sha512-IJ5RK0X/uPQa1XRmTvwKSieya+w1IJeiKLw0EekoBFJKybXQdvo8/uqM/8z2eVJ8vQxW9X6K2vkVGFvYQa9dYA=="],

    "@node-rs/jieba-freebsd-x64": ["@node-rs/jieba-freebsd-x64@2.0.1", "", { "os": "freebsd", "cpu": "x64" }, "sha512-yg7vyhqzP2weJu5DJ3q9q4pb0b4GWWRwcv54zK7MSSA6KNJ/uQv2a4R9/qmptLU/fZv14gWuJBEMFdL7y1Dv2w=="],

    "@node-rs/jieba-linux-arm-gnueabihf": ["@node-rs/jieba-linux-arm-gnueabihf@2.0.1", "", { "os": "linux", "cpu": "arm" }, "sha512-fxQYunS7w2tv8XV9GigkWJPzHnbcw6tjrUdDu5/qU0FdQVEzGuEYG85DjlNf8lZTDGSUKHBVyAQs7bBIvq8yqg=="],

    "@node-rs/jieba-linux-arm64-gnu": ["@node-rs/jieba-linux-arm64-gnu@2.0.1", "", { "os": "linux", "cpu": "arm64" }, "sha512-VnLU630hQIyO/fwyxh2vqZi72mO+hXkVUC3jVLPfOAlppinmsGX9N81tpTPUK3840hbV8WLtbYTWN1XodI38eg=="],

    "@node-rs/jieba-linux-arm64-musl": ["@node-rs/jieba-linux-arm64-musl@2.0.1", "", { "os": "linux", "cpu": "arm64" }, "sha512-K4EDyNixSLVdTNYnHwD+7I/ytvzpo7tt+vdCLqwQViiek2PMpL/FFRvA39uU2tk99jXIxvkczdxARG20BRZppg=="],

    "@node-rs/jieba-linux-x64-gnu": ["@node-rs/jieba-linux-x64-gnu@2.0.1", "", { "os": "linux", "cpu": "x64" }, "sha512-sq3J6L2ANTE25I9eVFq/nb57OtXcvUIeUD1CTKJxwgTKIVmcB2LyOZpWf20AjHRUfbMER9Klqg5dgyyO+Six+w=="],

    "@node-rs/jieba-linux-x64-musl": ["@node-rs/jieba-linux-x64-musl@2.0.1", "", { "os": "linux", "cpu": "x64" }, "sha512-0zfP9Qy68yEXrhBFknfhF6WUJDPU/8eRuyIrkMGdMjfRpxhpSbr2fMfnsqhOQLvhuK4w3iDFvTy4t5d0s6JKMA=="],

    "@node-rs/jieba-wasm32-wasi": ["@node-rs/jieba-wasm32-wasi@2.0.1", "", { "dependencies": { "@napi-rs/wasm-runtime": "^0.2.5" }, "cpu": "none" }, "sha512-7I5rJya5rlQNJIhv8PvPzIVT1/gVc0vFzHmlfRGwCPGDJ3tHVxkSPW34dDx3OgDmbIeadNpmgIyC1RaS9djPJg=="],

    "@node-rs/jieba-win32-arm64-msvc": ["@node-rs/jieba-win32-arm64-msvc@2.0.1", "", { "os": "win32", "cpu": "arm64" }, "sha512-Aj/2EwYSaPgAbKnSl+vKM/2kOaZNMZWnShiZzbSNyzlLy3eIOyOYVLbYRDno4547KngRxer8uzROhIQIwXwkvw=="],

    "@node-rs/jieba-win32-ia32-msvc": ["@node-rs/jieba-win32-ia32-msvc@2.0.1", "", { "os": "win32", "cpu": "ia32" }, "sha512-tpJt3uuBlGrcOInQLTYvcgamQgfadl5cwExLYU+CX9rXKpXLDO31dIujUDBgNWoiQq3tOiU1/AKbT7ZdNd4lBQ=="],

    "@node-rs/jieba-win32-x64-msvc": ["@node-rs/jieba-win32-x64-msvc@2.0.1", "", { "os": "win32", "cpu": "x64" }, "sha512-LDOyo2/2CO8UnpSGLJdgqtH8mOnsABPhNxkfIky7UT9cyLEzOaU44nbA5YzPGpBI3qzMbWcwJYQsjBcgK2VqAg=="],

    "@tybys/wasm-util": ["@tybys/wasm-util@0.9.0", "", { "dependencies": { "tslib": "^2.4.0" } }, "sha512-6+7nlbMVX/PVDCwaIQ8nTOPveOcFLSt8GcXdx8hD0bt39uWxYT88uXzqTd4fTvqta7oeUJqudepapKNt2DYJFw=="],

    "@types/body-parser": ["@types/body-parser@1.19.5", "", { "dependencies": { "@types/connect": "*", "@types/node": "*" } }, ""],

    "@types/connect": ["@types/connect@3.4.38", "", { "dependencies": { "@types/node": "*" } }, ""],

    "@types/express": ["@types/express@5.0.1", "", { "dependencies": { "@types/body-parser": "*", "@types/express-serve-static-core": "^5.0.0", "@types/serve-static": "*" } }, ""],

    "@types/express-serve-static-core": ["@types/express-serve-static-core@5.0.6", "", { "dependencies": { "@types/node": "*", "@types/qs": "*", "@types/range-parser": "*", "@types/send": "*" } }, ""],

    "@types/http-errors": ["@types/http-errors@2.0.4", "", {}, ""],

    "@types/mime": ["@types/mime@1.3.5", "", {}, ""],

    "@types/node": ["@types/node@22.14.0", "", { "dependencies": { "undici-types": "~6.21.0" } }, ""],

    "@types/qs": ["@types/qs@6.9.18", "", {}, ""],

    "@types/range-parser": ["@types/range-parser@1.2.7", "", {}, ""],

    "@types/send": ["@types/send@0.17.4", "", { "dependencies": { "@types/mime": "^1", "@types/node": "*" } }, ""],

    "@types/serve-static": ["@types/serve-static@1.15.7", "", { "dependencies": { "@types/http-errors": "*", "@types/node": "*", "@types/send": "*" } }, ""],

    "@types/ws": ["@types/ws@8.18.1", "", { "dependencies": { "@types/node": "*" } }, ""],

    "accepts": ["accepts@1.3.8", "", { "dependencies": { "mime-types": "~2.1.34", "negotiator": "0.6.3" } }, ""],

    "array-flatten": ["array-flatten@1.1.1", "", {}, ""],

    "asynckit": ["asynckit@0.4.0", "", {}, ""],

    "axios": ["axios@1.8.4", "", { "dependencies": { "follow-redirects": "^1.15.6", "form-data": "^4.0.0", "proxy-from-env": "^1.1.0" } }, ""],

    "body-parser": ["body-parser@1.20.3", "", { "dependencies": { "bytes": "3.1.2", "content-type": "~1.0.5", "debug": "2.6.9", "depd": "2.0.0", "destroy": "1.2.0", "http-errors": "2.0.0", "iconv-lite": "0.4.24", "on-finished": "2.4.1", "qs": "6.13.0", "raw-body": "2.5.2", "type-is": "~1.6.18", "unpipe": "1.0.0" } }, ""],

    "buffer-equal-constant-time": ["buffer-equal-constant-time@1.0.1", "", {}, ""],

    "bytes": ["bytes@3.1.2", "", {}, ""],

    "call-bind-apply-helpers": ["call-bind-apply-helpers@1.0.2", "", { "dependencies": { "es-errors": "^1.3.0", "function-bind": "^1.1.2" } }, ""],

    "call-bound": ["call-bound@1.0.4", "", { "dependencies": { "call-bind-apply-helpers": "^1.0.2", "get-intrinsic": "^1.3.0" } }, ""],

    "combined-stream": ["combined-stream@1.0.8", "", { "dependencies": { "delayed-stream": "~1.0.0" } }, ""],

    "content-disposition": ["content-disposition@0.5.4", "", { "dependencies": { "safe-buffer": "5.2.1" } }, ""],

    "content-type": ["content-type@1.0.5", "", {}, ""],

    "cookie": ["cookie@0.7.2", "", {}, "sha512-yki5XnKuf750l50uGTllt6kKILY4nQ1eNIQatoXEByZ5dWgnKqbnqmTrBE5B4N7lrMJKQ2ytWMiTO2o0v6Ew/w=="],

    "cookie-parser": ["cookie-parser@1.4.7", "", { "dependencies": { "cookie": "0.7.2", "cookie-signature": "1.0.6" } }, "sha512-nGUvgXnotP3BsjiLX2ypbQnWoGUPIIfHQNZkkC668ntrzGWEZVW70HDEB1qnNGMicPje6EttlIgzo51YSwNQGw=="],

    "cookie-signature": ["cookie-signature@1.0.6", "", {}, ""],

    "debug": ["debug@2.6.9", "", { "dependencies": { "ms": "2.0.0" } }, ""],

    "delayed-stream": ["delayed-stream@1.0.0", "", {}, ""],

    "depd": ["depd@2.0.0", "", {}, ""],

    "destroy": ["destroy@1.2.0", "", {}, ""],

    "dunder-proto": ["dunder-proto@1.0.1", "", { "dependencies": { "call-bind-apply-helpers": "^1.0.1", "es-errors": "^1.3.0", "gopd": "^1.2.0" } }, ""],

    "ecdsa-sig-formatter": ["ecdsa-sig-formatter@1.0.11", "", { "dependencies": { "safe-buffer": "^5.0.1" } }, ""],

    "ee-first": ["ee-first@1.1.1", "", {}, ""],

    "encodeurl": ["encodeurl@2.0.0", "", {}, ""],

    "es-define-property": ["es-define-property@1.0.1", "", {}, ""],

    "es-errors": ["es-errors@1.3.0", "", {}, ""],

    "es-object-atoms": ["es-object-atoms@1.1.1", "", { "dependencies": { "es-errors": "^1.3.0" } }, ""],

    "es-set-tostringtag": ["es-set-tostringtag@2.1.0", "", { "dependencies": { "es-errors": "^1.3.0", "get-intrinsic": "^1.2.6", "has-tostringtag": "^1.0.2", "hasown": "^2.0.2" } }, ""],

    "escape-html": ["escape-html@1.0.3", "", {}, ""],

    "etag": ["etag@1.8.1", "", {}, ""],

    "express": ["express@4.21.2", "", { "dependencies": { "accepts": "~1.3.8", "array-flatten": "1.1.1", "body-parser": "1.20.3", "content-disposition": "0.5.4", "content-type": "~1.0.4", "cookie": "0.7.1", "cookie-signature": "1.0.6", "debug": "2.6.9", "depd": "2.0.0", "encodeurl": "~2.0.0", "escape-html": "~1.0.3", "etag": "~1.8.1", "finalhandler": "1.3.1", "fresh": "0.5.2", "http-errors": "2.0.0", "merge-descriptors": "1.0.3", "methods": "~1.1.2", "on-finished": "2.4.1", "parseurl": "~1.3.3", "path-to-regexp": "0.1.12", "proxy-addr": "~2.0.7", "qs": "6.13.0", "range-parser": "~1.2.1", "safe-buffer": "5.2.1", "send": "0.19.0", "serve-static": "1.16.2", "setprototypeof": "1.2.0", "statuses": "2.0.1", "type-is": "~1.6.18", "utils-merge": "1.0.1", "vary": "~1.1.2" } }, ""],

    "finalhandler": ["finalhandler@1.3.1", "", { "dependencies": { "debug": "2.6.9", "encodeurl": "~2.0.0", "escape-html": "~1.0.3", "on-finished": "2.4.1", "parseurl": "~1.3.3", "statuses": "2.0.1", "unpipe": "~1.0.0" } }, ""],

    "follow-redirects": ["follow-redirects@1.15.9", "", {}, ""],

    "form-data": ["form-data@4.0.2", "", { "dependencies": { "asynckit": "^0.4.0", "combined-stream": "^1.0.8", "es-set-tostringtag": "^2.1.0", "mime-types": "^2.1.12" } }, ""],

    "forwarded": ["forwarded@0.2.0", "", {}, ""],

    "fresh": ["fresh@0.5.2", "", {}, ""],

    "function-bind": ["function-bind@1.1.2", "", {}, ""],

    "get-intrinsic": ["get-intrinsic@1.3.0", "", { "dependencies": { "call-bind-apply-helpers": "^1.0.2", "es-define-property": "^1.0.1", "es-errors": "^1.3.0", "es-object-atoms": "^1.1.1", "function-bind": "^1.1.2", "get-proto": "^1.0.1", "gopd": "^1.2.0", "has-symbols": "^1.1.0", "hasown": "^2.0.2", "math-intrinsics": "^1.1.0" } }, ""],

    "get-proto": ["get-proto@1.0.1", "", { "dependencies": { "dunder-proto": "^1.0.1", "es-object-atoms": "^1.0.0" } }, ""],

    "gopd": ["gopd@1.2.0", "", {}, ""],

    "has-symbols": ["has-symbols@1.1.0", "", {}, ""],

    "has-tostringtag": ["has-tostringtag@1.0.2", "", { "dependencies": { "has-symbols": "^1.0.3" } }, ""],

    "hasown": ["hasown@2.0.2", "", { "dependencies": { "function-bind": "^1.1.2" } }, ""],

    "http-errors": ["http-errors@2.0.0", "", { "dependencies": { "depd": "2.0.0", "inherits": "2.0.4", "setprototypeof": "1.2.0", "statuses": "2.0.1", "toidentifier": "1.0.1" } }, ""],

    "iconv-lite": ["iconv-lite@0.4.24", "", { "dependencies": { "safer-buffer": ">= 2.1.2 < 3" } }, ""],

    "inherits": ["inherits@2.0.4", "", {}, ""],

    "ipaddr.js": ["ipaddr.js@1.9.1", "", {}, ""],

    "jsonwebtoken": ["jsonwebtoken@8.5.1", "", { "dependencies": { "jws": "^3.2.2", "lodash.includes": "^4.3.0", "lodash.isboolean": "^3.0.3", "lodash.isinteger": "^4.0.4", "lodash.isnumber": "^3.0.3", "lodash.isplainobject": "^4.0.6", "lodash.isstring": "^4.0.1", "lodash.once": "^4.0.0", "ms": "^2.1.1", "semver": "^5.6.0" } }, ""],

    "jwa": ["jwa@1.4.1", "", { "dependencies": { "buffer-equal-constant-time": "1.0.1", "ecdsa-sig-formatter": "1.0.11", "safe-buffer": "^5.0.1" } }, ""],

    "jws": ["jws@3.2.2", "", { "dependencies": { "jwa": "^1.4.1", "safe-buffer": "^5.0.1" } }, ""],

    "lodash.includes": ["lodash.includes@4.3.0", "", {}, ""],

    "lodash.isboolean": ["lodash.isboolean@3.0.3", "", {}, ""],

    "lodash.isinteger": ["lodash.isinteger@4.0.4", "", {}, ""],

    "lodash.isnumber": ["lodash.isnumber@3.0.3", "", {}, ""],

    "lodash.isplainobject": ["lodash.isplainobject@4.0.6", "", {}, ""],

    "lodash.isstring": ["lodash.isstring@4.0.1", "", {}, ""],

    "lodash.once": ["lodash.once@4.1.1", "", {}, ""],

    "math-intrinsics": ["math-intrinsics@1.1.0", "", {}, ""],

    "media-typer": ["media-typer@0.3.0", "", {}, ""],

    "merge-descriptors": ["merge-descriptors@1.0.3", "", {}, ""],

    "methods": ["methods@1.1.2", "", {}, ""],

    "mime": ["mime@1.6.0", "", { "bin": "cli.js" }, ""],

    "mime-db": ["mime-db@1.52.0", "", {}, ""],

    "mime-types": ["mime-types@2.1.35", "", { "dependencies": { "mime-db": "1.52.0" } }, ""],

    "ms": ["ms@2.1.3", "", {}, ""],

    "negotiator": ["negotiator@0.6.3", "", {}, ""],

    "object-inspect": ["object-inspect@1.13.4", "", {}, ""],

    "on-finished": ["on-finished@2.4.1", "", { "dependencies": { "ee-first": "1.1.1" } }, ""],

    "parseurl": ["parseurl@1.3.3", "", {}, ""],

    "path": ["path@0.12.7", "", { "dependencies": { "process": "^0.11.1", "util": "^0.10.3" } }, ""],

    "path-to-regexp": ["path-to-regexp@0.1.12", "", {}, ""],

    "pinyin-pro": ["pinyin-pro@3.26.0", "", {}, "sha512-HcBZZb0pvm0/JkPhZHWA5Hqp2cWHXrrW/WrV+OtaYYM+kf35ffvZppIUuGmyuQ7gDr1JDJKMkbEE+GN0wfMoGg=="],

    "process": ["process@0.11.10", "", {}, ""],

    "proxy-addr": ["proxy-addr@2.0.7", "", { "dependencies": { "forwarded": "0.2.0", "ipaddr.js": "1.9.1" } }, ""],

    "proxy-from-env": ["proxy-from-env@1.1.0", "", {}, ""],

    "qs": ["qs@6.13.0", "", { "dependencies": { "side-channel": "^1.0.6" } }, ""],

    "range-parser": ["range-parser@1.2.1", "", {}, ""],

    "raw-body": ["raw-body@2.5.2", "", { "dependencies": { "bytes": "3.1.2", "http-errors": "2.0.0", "iconv-lite": "0.4.24", "unpipe": "1.0.0" } }, ""],

    "safe-buffer": ["safe-buffer@5.2.1", "", {}, ""],

    "safer-buffer": ["safer-buffer@2.1.2", "", {}, ""],

    "semver": ["semver@5.7.2", "", { "bin": "bin/semver" }, ""],

    "send": ["send@0.19.0", "", { "dependencies": { "debug": "2.6.9", "depd": "2.0.0", "destroy": "1.2.0", "encodeurl": "~1.0.2", "escape-html": "~1.0.3", "etag": "~1.8.1", "fresh": "0.5.2", "http-errors": "2.0.0", "mime": "1.6.0", "ms": "2.1.3", "on-finished": "2.4.1", "range-parser": "~1.2.1", "statuses": "2.0.1" } }, ""],

    "serve-static": ["serve-static@1.16.2", "", { "dependencies": { "encodeurl": "~2.0.0", "escape-html": "~1.0.3", "parseurl": "~1.3.3", "send": "0.19.0" } }, ""],

    "setprototypeof": ["setprototypeof@1.2.0", "", {}, ""],

    "side-channel": ["side-channel@1.1.0", "", { "dependencies": { "es-errors": "^1.3.0", "object-inspect": "^1.13.3", "side-channel-list": "^1.0.0", "side-channel-map": "^1.0.1", "side-channel-weakmap": "^1.0.2" } }, ""],

    "side-channel-list": ["side-channel-list@1.0.0", "", { "dependencies": { "es-errors": "^1.3.0", "object-inspect": "^1.13.3" } }, ""],

    "side-channel-map": ["side-channel-map@1.0.1", "", { "dependencies": { "call-bound": "^1.0.2", "es-errors": "^1.3.0", "get-intrinsic": "^1.2.5", "object-inspect": "^1.13.3" } }, ""],

    "side-channel-weakmap": ["side-channel-weakmap@1.0.2", "", { "dependencies": { "call-bound": "^1.0.2", "es-errors": "^1.3.0", "get-intrinsic": "^1.2.5", "object-inspect": "^1.13.3", "side-channel-map": "^1.0.1" } }, ""],

    "statuses": ["statuses@2.0.1", "", {}, ""],

    "toidentifier": ["toidentifier@1.0.1", "", {}, ""],

    "tslib": ["tslib@2.8.1", "", {}, "sha512-oJFu94HQb+KVduSUQL7wnpmqnfmLsOA/nAh6b6EH0wCEoK0/mPeXU6c3wKDV83MkOuHPRHtSXKKU99IBazS/2w=="],

    "type-is": ["type-is@1.6.18", "", { "dependencies": { "media-typer": "0.3.0", "mime-types": "~2.1.24" } }, ""],

    "typescript": ["typescript@5.8.3", "", { "bin": { "tsc": "bin/tsc", "tsserver": "bin/tsserver" } }, ""],

    "undici-types": ["undici-types@6.21.0", "", {}, ""],

    "unpipe": ["unpipe@1.0.0", "", {}, ""],

    "util": ["util@0.10.4", "", { "dependencies": { "inherits": "2.0.3" } }, ""],

    "utils-merge": ["utils-merge@1.0.1", "", {}, ""],

    "vary": ["vary@1.1.2", "", {}, ""],

    "ws": ["ws@8.18.1", "", { "peerDependencies": { "bufferutil": "^4.0.1", "utf-8-validate": ">=5.0.2" }, "optionalPeers": ["bufferutil", "utf-8-validate"] }, ""],

    "debug/ms": ["ms@2.0.0", "", {}, ""],

    "express/cookie": ["cookie@0.7.1", "", {}, ""],

    "send/encodeurl": ["encodeurl@1.0.2", "", {}, ""],

    "util/inherits": ["inherits@2.0.3", "", {}, ""],
  }
}
